
Microsoft Visual Studio Solution File, Format Version 12.00
# Visual Studio 15
VisualStudioVersion = 15.0.27703.2047
MinimumVisualStudioVersion = 10.0.40219.1
Project("{FAE04EC0-301F-11D3-BF4B-00C04F79EFBC}") = "AutoControlAppPC", "AutoControlAppPC\AutoControlAppPC.csproj", "{1089F7A2-95C4-44A3-A2B9-D664A5656D7C}"
EndProject
Global
	GlobalSection(SolutionConfigurationPlatforms) = preSolution
		Debug|Any CPU = Debug|Any CPU
		Release|Any CPU = Release|Any CPU
	EndGlobalSection
	GlobalSection(ProjectConfigurationPlatforms) = postSolution
		{1089F7A2-95C4-44A3-A2B9-D664A5656D7C}.Debug|Any CPU.ActiveCfg = Debug|Any CPU
		{1089F7A2-95C4-44A3-A2B9-D664A5656D7C}.Debug|Any CPU.Build.0 = Debug|Any CPU
		{1089F7A2-95C4-44A3-A2B9-D664A5656D7C}.Release|Any CPU.ActiveCfg = Release|Any CPU
		{1089F7A2-95C4-44A3-A2B9-D664A5656D7C}.Release|Any CPU.Build.0 = Release|Any CPU
	EndGlobalSection
	GlobalSection(SolutionProperties) = preSolution
		HideSolutionNode = FALSE
	EndGlobalSection
	GlobalSection(ExtensibilityGlobals) = postSolution
		SolutionGuid = {76730EC5-6E5B-44AF-9EA2-4B18423AEF74}
	EndGlobalSection
EndGlobal
